Microsoft Visual Studio Solution File, Format Version 12.00
# Visual Studio Version 17
VisualStudioVersion = 17.5.2.0
MinimumVisualStudioVersion = 10.0.40219.1
Project("{FAE04EC0-301F-11D3-BF4B-00C04F79EFBC}") = "MinimalWebApi", "MinimalWebApi\MinimalWebApi.csproj", "{6B2B8589-91C7-648F-BA4C-95F3ACA998CA}"
EndProject
Global
	GlobalSection(SolutionConfigurationPlatforms) = preSolution
		Debug|Any CPU = Debug|Any CPU
		Release|Any CPU = Release|Any CPU
	EndGlobalSection
	GlobalSection(ProjectConfigurationPlatforms) = postSolution
		{6B2B8589-91C7-648F-BA4C-95F3ACA998CA}.Debug|Any CPU.ActiveCfg = Debug|Any CPU
		{6B2B8589-91C7-648F-BA4C-95F3ACA998CA}.Debug|Any CPU.Build.0 = Debug|Any CPU
		{6B2B8589-91C7-648F-BA4C-95F3ACA998CA}.Release|Any CPU.ActiveCfg = Release|Any CPU
		{6B2B8589-91C7-648F-BA4C-95F3ACA998CA}.Release|Any CPU.Build.0 = Release|Any CPU
	EndGlobalSection
	GlobalSection(SolutionProperties) = preSolution
		HideSolutionNode = FALSE
	EndGlobalSection
	GlobalSection(ExtensibilityGlobals) = postSolution
		SolutionGuid = {6FC66097-AC0F-4172-98D9-E793BDF2EFF1}
	EndGlobalSection
EndGlobal
